
Microsoft Visual Studio Solution File, Format Version 12.00
# Visual Studio Version 17
VisualStudioVersion = 17.0.31903.59
MinimumVisualStudioVersion = 10.0.40219.1
Project("{FAE04EC0-301F-11D3-BF4B-00C04F79EFBC}") = "DDD.ValueObject", "DDD.ValueObject\DDD.ValueObject.csproj", "{9A032035-0086-4E70-BA7A-5CA981344A5A}"
EndProject
Project("{FAE04EC0-301F-11D3-BF4B-00C04F79EFBC}") = "Test.Console", "Test.Console\Test.Console.csproj", "{B337FDC7-5395-4EAE-BBF2-DAB9858A8040}"
EndProject
Project("{FAE04EC0-301F-11D3-BF4B-00C04F79EFBC}") = "DDD.ValueObjectData", "DDD.ValueObjectData\DDD.ValueObjectData.csproj", "{907ADECD-6EE7-4988-939E-C9683B718814}"
EndProject
Global
	GlobalSection(SolutionConfigurationPlatforms) = preSolution
		Debug|Any CPU = Debug|Any CPU
		Release|Any CPU = Release|Any CPU
	EndGlobalSection
	GlobalSection(SolutionProperties) = preSolution
		HideSolutionNode = FALSE
	EndGlobalSection
	GlobalSection(ProjectConfigurationPlatforms) = postSolution
		{9A032035-0086-4E70-BA7A-5CA981344A5A}.Debug|Any CPU.ActiveCfg = Debug|Any CPU
		{9A032035-0086-4E70-BA7A-5CA981344A5A}.Debug|Any CPU.Build.0 = Debug|Any CPU
		{9A032035-0086-4E70-BA7A-5CA981344A5A}.Release|Any CPU.ActiveCfg = Release|Any CPU
		{9A032035-0086-4E70-BA7A-5CA981344A5A}.Release|Any CPU.Build.0 = Release|Any CPU
		{B337FDC7-5395-4EAE-BBF2-DAB9858A8040}.Debug|Any CPU.ActiveCfg = Debug|Any CPU
		{B337FDC7-5395-4EAE-BBF2-DAB9858A8040}.Debug|Any CPU.Build.0 = Debug|Any CPU
		{B337FDC7-5395-4EAE-BBF2-DAB9858A8040}.Release|Any CPU.ActiveCfg = Release|Any CPU
		{B337FDC7-5395-4EAE-BBF2-DAB9858A8040}.Release|Any CPU.Build.0 = Release|Any CPU
		{907ADECD-6EE7-4988-939E-C9683B718814}.Debug|Any CPU.ActiveCfg = Debug|Any CPU
		{907ADECD-6EE7-4988-939E-C9683B718814}.Debug|Any CPU.Build.0 = Debug|Any CPU
		{907ADECD-6EE7-4988-939E-C9683B718814}.Release|Any CPU.ActiveCfg = Release|Any CPU
		{907ADECD-6EE7-4988-939E-C9683B718814}.Release|Any CPU.Build.0 = Release|Any CPU
	EndGlobalSection
EndGlobal
